%{
  "bandit": {:hex, :bandit, "1.6.10", "ec218849b753b84ed52fb7f19f42bec4ab8b1ff3f74806c6525e4b53eafcad60", [:mix], [{:hpax, "~> 1.0", [hex: :hpax, repo: "hexpm", optional: false]}, {:plug, "~> 1.14", [hex: :plug, repo: "hexpm", optional: false]}, {:telemetry, "~> 0.4 or ~> 1.0", [hex: :telemetry, repo: "hexpm", optional: false]}, {:thousand_island, "~> 1.0", [hex: :thousand_island, repo: "hexpm", optional: false]}, {:websock, "~> 0.5", [hex: :websock, repo: "hexpm", optional: false]}], "hexpm", "5c5e1d155cbdf98610197d2814934ef431e70b5fd4f487b19c341d9b49cc19a2"},
  "cowlib": {:hex, :cowlib, "2.13.0", "db8f7505d8332d98ef50a3ef34b34c1afddec7506e4ee4dd4a3a266285d282ca", [:make, :rebar3], [], "hexpm", "e1e1284dc3fc030a64b1ad0d8382ae7e99da46c3246b815318a4b848873800a4"},
  "gun": {:hex, :gun, "2.1.0", "b4e4cbbf3026d21981c447e9e7ca856766046eff693720ba43114d7f5de36e87", [:make, :rebar3], [{:cowlib, "2.13.0", [hex: :cowlib, repo: "hexpm", optional: false]}], "hexpm", "52fc7fc246bfc3b00e01aea1c2854c70a366348574ab50c57dfe796d24a0101d"},
  "hpax": {:hex, :hpax, "1.0.3", "ed67ef51ad4df91e75cc6a1494f851850c0bd98ebc0be6e81b026e765ee535aa", [:mix], [], "hexpm", "8eab6e1cfa8d5918c2ce4ba43588e894af35dbd8e91e6e55c817bca5847df34a"},
  "mime": {:hex, :mime, "2.0.6", "8f18486773d9b15f95f4f4f1e39b710045fa1de891fada4516559967276e4dc2", [:mix], [], "hexpm", "c9945363a6b26d747389aac3643f8e0e09d30499a138ad64fe8fd1d13d9b153e"},
  "mint": {:hex, :mint, "1.7.1", "113fdb2b2f3b59e47c7955971854641c61f378549d73e829e1768de90fc1abf1", [:mix], [{:castore, "~> 0.1.0 or ~> 1.0", [hex: :castore, repo: "hexpm", optional: true]}, {:hpax, "~> 0.1.1 or ~> 0.2.0 or ~> 1.0", [hex: :hpax, repo: "hexpm", optional: false]}], "hexpm", "fceba0a4d0f24301ddee3024ae116df1c3f4bb7a563a731f45fdfeb9d39a231b"},
  "mint_web_socket": {:hex, :mint_web_socket, "1.0.4", "0b539116dbb3d3f861cdf5e15e269a933cb501c113a14db7001a3157d96ffafd", [:mix], [{:mint, ">= 1.4.1 and < 2.0.0-0", [hex: :mint, repo: "hexpm", optional: false]}], "hexpm", "027d4c5529c45a4ba0ce27a01c0f35f284a5468519c045ca15f43decb360a991"},
  "plug": {:hex, :plug, "1.17.0", "a0832e7af4ae0f4819e0c08dd2e7482364937aea6a8a997a679f2cbb7e026b2e", [:mix], [{:mime, "~> 1.0 or ~> 2.0", [hex: :mime, repo: "hexpm", optional: false]}, {:plug_crypto, "~> 1.1.1 or ~> 1.2 or ~> 2.0", [hex: :plug_crypto, repo: "hexpm", optional: false]}, {:telemetry, "~> 0.4.3 or ~> 1.0", [hex: :telemetry, repo: "hexpm", optional: false]}], "hexpm", "f6692046652a69a00a5a21d0b7e11fcf401064839d59d6b8787f23af55b1e6bc"},
  "plug_crypto": {:hex, :plug_crypto, "2.1.0", "f44309c2b06d249c27c8d3f65cfe08158ade08418cf540fd4f72d4d6863abb7b", [:mix], [], "hexpm", "131216a4b030b8f8ce0f26038bc4421ae60e4bb95c5cf5395e1421437824c4fa"},
  "telemetry": {:hex, :telemetry, "1.3.0", "fedebbae410d715cf8e7062c96a1ef32ec22e764197f70cda73d82778d61e7a2", [:rebar3], [], "hexpm", "7015fc8919dbe63764f4b4b87a95b7c0996bd539e0d499be6ec9d7f3875b79e6"},
  "thousand_island": {:hex, :thousand_island, "1.3.12", "590ff651a6d2a59ed7eabea398021749bdc664e2da33e0355e6c64e7e1a2ef93", [:mix], [{:telemetry, "~> 0.4 or ~> 1.0", [hex: :telemetry, repo: "hexpm", optional: false]}], "hexpm", "55d0b1c868b513a7225892b8a8af0234d7c8981a51b0740369f3125f7c99a549"},
  "websock": {:hex, :websock, "0.5.3", "2f69a6ebe810328555b6fe5c831a851f485e303a7c8ce6c5f675abeb20ebdadc", [:mix], [], "hexpm", "6105453d7fac22c712ad66fab1d45abdf049868f253cf719b625151460b8b453"},
  "websock_adapter": {:hex, :websock_adapter, "0.5.8", "3b97dc94e407e2d1fc666b2fb9acf6be81a1798a2602294aac000260a7c4a47d", [:mix], [{:bandit, ">= 0.6.0", [hex: :bandit, repo: "hexpm", optional: true]}, {:plug, "~> 1.14", [hex: :plug, repo: "hexpm", optional: false]}, {:plug_cowboy, "~> 2.6", [hex: :plug_cowboy, repo: "hexpm", optional: true]}, {:websock, "~> 0.5", [hex: :websock, repo: "hexpm", optional: false]}], "hexpm", "315b9a1865552212b5f35140ad194e67ce31af45bcee443d4ecb96b5fd3f3782"},
}
